
Microsoft Visual Studio Solution File, Format Version 12.00
# Visual Studio Version 17
VisualStudioVersion = 17.11.35312.102
MinimumVisualStudioVersion = 10.0.40219.1
Project("{9A19103F-16F7-4668-BE54-9A1E7A4F7556}") = "Builder", "Builder\Builder.csproj", "{A3658A8E-BE70-4492-86B4-BBC917CE4286}"
EndProject
Project("{9A19103F-16F7-4668-BE54-9A1E7A4F7556}") = "TetrioFetcher-CSharp", "TetrioFetcher-CSharp\TetrioFetcher-CSharp.csproj", "{443D4AB4-18FE-45B5-9845-14A5E2499F58}"
EndProject
Global
	GlobalSection(SolutionConfigurationPlatforms) = preSolution
		Debug|Any CPU = Debug|Any CPU
		Release|Any CPU = Release|Any CPU
	EndGlobalSection
	GlobalSection(ProjectConfigurationPlatforms) = postSolution
		{A3658A8E-BE70-4492-86B4-BBC917CE4286}.Debug|Any CPU.ActiveCfg = Debug|Any CPU
		{A3658A8E-BE70-4492-86B4-BBC917CE4286}.Debug|Any CPU.Build.0 = Debug|Any CPU
		{A3658A8E-BE70-4492-86B4-BBC917CE4286}.Release|Any CPU.ActiveCfg = Release|Any CPU
		{A3658A8E-BE70-4492-86B4-BBC917CE4286}.Release|Any CPU.Build.0 = Release|Any CPU
		{443D4AB4-18FE-45B5-9845-14A5E2499F58}.Debug|Any CPU.ActiveCfg = Debug|Any CPU
		{443D4AB4-18FE-45B5-9845-14A5E2499F58}.Debug|Any CPU.Build.0 = Debug|Any CPU
		{443D4AB4-18FE-45B5-9845-14A5E2499F58}.Release|Any CPU.ActiveCfg = Release|Any CPU
		{443D4AB4-18FE-45B5-9845-14A5E2499F58}.Release|Any CPU.Build.0 = Release|Any CPU
	EndGlobalSection
	GlobalSection(SolutionProperties) = preSolution
		HideSolutionNode = FALSE
	EndGlobalSection
	GlobalSection(ExtensibilityGlobals) = postSolution
		SolutionGuid = {C2CA8334-FF91-4EA7-BA5B-B041477A83B5}
	EndGlobalSection
EndGlobal
